
Microsoft Visual Studio Solution File, Format Version 12.00
# Visual Studio Version 17
VisualStudioVersion = 17.1.32120.378
MinimumVisualStudioVersion = 10.0.40219.1
Project("{00D1A9C2-B5F0-4AF3-8072-F6C62B433612}") = "initiateDB_next", "initiateDB_next\initiateDB_next.sqlproj", "{ED36CFD9-18C5-4346-8401-D622E155AE08}"
EndProject
Project("{FAE04EC0-301F-11D3-BF4B-00C04F79EFBC}") = "TestProject1", "TestProject1\TestProject1.csproj", "{5B71A38B-A697-45F3-A7D6-3BDCF66EE52B}"
EndProject
Global
	GlobalSection(SolutionConfigurationPlatforms) = preSolution
		Debug|Any CPU = Debug|Any CPU
		Release|Any CPU = Release|Any CPU
	EndGlobalSection
	GlobalSection(ProjectConfigurationPlatforms) = postSolution
		{ED36CFD9-18C5-4346-8401-D622E155AE08}.Debug|Any CPU.ActiveCfg = Debug|Any CPU
		{ED36CFD9-18C5-4346-8401-D622E155AE08}.Debug|Any CPU.Build.0 = Debug|Any CPU
		{ED36CFD9-18C5-4346-8401-D622E155AE08}.Debug|Any CPU.Deploy.0 = Debug|Any CPU
		{ED36CFD9-18C5-4346-8401-D622E155AE08}.Release|Any CPU.ActiveCfg = Release|Any CPU
		{ED36CFD9-18C5-4346-8401-D622E155AE08}.Release|Any CPU.Build.0 = Release|Any CPU
		{ED36CFD9-18C5-4346-8401-D622E155AE08}.Release|Any CPU.Deploy.0 = Release|Any CPU
		{5B71A38B-A697-45F3-A7D6-3BDCF66EE52B}.Debug|Any CPU.ActiveCfg = Debug|Any CPU
		{5B71A38B-A697-45F3-A7D6-3BDCF66EE52B}.Debug|Any CPU.Build.0 = Debug|Any CPU
		{5B71A38B-A697-45F3-A7D6-3BDCF66EE52B}.Release|Any CPU.ActiveCfg = Release|Any CPU
		{5B71A38B-A697-45F3-A7D6-3BDCF66EE52B}.Release|Any CPU.Build.0 = Release|Any CPU
	EndGlobalSection
	GlobalSection(SolutionProperties) = preSolution
		HideSolutionNode = FALSE
	EndGlobalSection
	GlobalSection(ExtensibilityGlobals) = postSolution
		SolutionGuid = {50614A2D-D447-406F-90DA-4AE8D41ACEDE}
	EndGlobalSection
EndGlobal
