
Microsoft Visual Studio Solution File, Format Version 12.00
# Visual Studio Version 16
VisualStudioVersion = 16.0.32126.315
MinimumVisualStudioVersion = 10.0.40219.1
Project("{FAE04EC0-301F-11D3-BF4B-00C04F79EFBC}") = "WindowsFormsApp1", "WindowsFormsApp1\WindowsFormsApp1.csproj", "{45938808-F158-4B9E-9E37-20094D2B3855}"
EndProject
Project("{FAE04EC0-301F-11D3-BF4B-00C04F79EFBC}") = "DAL", "DAL\DAL.csproj", "{83848652-1152-4BA4-83CE-357C58FD66B7}"
EndProject
Project("{FAE04EC0-301F-11D3-BF4B-00C04F79EFBC}") = "BLL", "BLL\BLL.csproj", "{E4A1CF71-F2CB-466C-A56B-B153BA54FCE7}"
EndProject
Global
	GlobalSection(SolutionConfigurationPlatforms) = preSolution
		Debug|Any CPU = Debug|Any CPU
		Release|Any CPU = Release|Any CPU
	EndGlobalSection
	GlobalSection(ProjectConfigurationPlatforms) = postSolution
		{45938808-F158-4B9E-9E37-20094D2B3855}.Debug|Any CPU.ActiveCfg = Debug|Any CPU
		{45938808-F158-4B9E-9E37-20094D2B3855}.Debug|Any CPU.Build.0 = Debug|Any CPU
		{45938808-F158-4B9E-9E37-20094D2B3855}.Release|Any CPU.ActiveCfg = Release|Any CPU
		{45938808-F158-4B9E-9E37-20094D2B3855}.Release|Any CPU.Build.0 = Release|Any CPU
		{83848652-1152-4BA4-83CE-357C58FD66B7}.Debug|Any CPU.ActiveCfg = Debug|Any CPU
		{83848652-1152-4BA4-83CE-357C58FD66B7}.Debug|Any CPU.Build.0 = Debug|Any CPU
		{83848652-1152-4BA4-83CE-357C58FD66B7}.Release|Any CPU.ActiveCfg = Release|Any CPU
		{83848652-1152-4BA4-83CE-357C58FD66B7}.Release|Any CPU.Build.0 = Release|Any CPU
		{E4A1CF71-F2CB-466C-A56B-B153BA54FCE7}.Debug|Any CPU.ActiveCfg = Debug|Any CPU
		{E4A1CF71-F2CB-466C-A56B-B153BA54FCE7}.Debug|Any CPU.Build.0 = Debug|Any CPU
		{E4A1CF71-F2CB-466C-A56B-B153BA54FCE7}.Release|Any CPU.ActiveCfg = Release|Any CPU
		{E4A1CF71-F2CB-466C-A56B-B153BA54FCE7}.Release|Any CPU.Build.0 = Release|Any CPU
	EndGlobalSection
	GlobalSection(SolutionProperties) = preSolution
		HideSolutionNode = FALSE
	EndGlobalSection
	GlobalSection(ExtensibilityGlobals) = postSolution
		SolutionGuid = {91B30505-B49A-4175-B3D0-1331BD99939F}
	EndGlobalSection
EndGlobal
