
Microsoft Visual Studio Solution File, Format Version 12.00
# Visual Studio Version 17
VisualStudioVersion = 17.1.32210.238
MinimumVisualStudioVersion = 10.0.40219.1
Project("{FAE04EC0-301F-11D3-BF4B-00C04F79EFBC}") = "ExaminationSystem", "ExaminationSystem\ExaminationSystem.csproj", "{F093BA6D-CA27-483C-B463-6B007B1B5623}"
EndProject
Project("{9A19103F-16F7-4668-BE54-9A1E7A4F7556}") = "BLL", "..\..\WindowsFormsApp1\BLL\BLL.csproj", "{49A33EDD-BFF5-44C0-B36E-3ACEE50B1D1D}"
EndProject
Project("{9A19103F-16F7-4668-BE54-9A1E7A4F7556}") = "DAL", "..\..\WindowsFormsApp1\DAL\DAL.csproj", "{E5AC8B02-5740-492D-8551-612E4F6BBEE4}"
EndProject
Global
	GlobalSection(SolutionConfigurationPlatforms) = preSolution
		Debug|Any CPU = Debug|Any CPU
		Release|Any CPU = Release|Any CPU
	EndGlobalSection
	GlobalSection(ProjectConfigurationPlatforms) = postSolution
		{F093BA6D-CA27-483C-B463-6B007B1B5623}.Debug|Any CPU.ActiveCfg = Debug|Any CPU
		{F093BA6D-CA27-483C-B463-6B007B1B5623}.Debug|Any CPU.Build.0 = Debug|Any CPU
		{F093BA6D-CA27-483C-B463-6B007B1B5623}.Release|Any CPU.ActiveCfg = Release|Any CPU
		{F093BA6D-CA27-483C-B463-6B007B1B5623}.Release|Any CPU.Build.0 = Release|Any CPU
		{49A33EDD-BFF5-44C0-B36E-3ACEE50B1D1D}.Debug|Any CPU.ActiveCfg = Debug|Any CPU
		{49A33EDD-BFF5-44C0-B36E-3ACEE50B1D1D}.Debug|Any CPU.Build.0 = Debug|Any CPU
		{49A33EDD-BFF5-44C0-B36E-3ACEE50B1D1D}.Release|Any CPU.ActiveCfg = Release|Any CPU
		{49A33EDD-BFF5-44C0-B36E-3ACEE50B1D1D}.Release|Any CPU.Build.0 = Release|Any CPU
		{E5AC8B02-5740-492D-8551-612E4F6BBEE4}.Debug|Any CPU.ActiveCfg = Debug|Any CPU
		{E5AC8B02-5740-492D-8551-612E4F6BBEE4}.Debug|Any CPU.Build.0 = Debug|Any CPU
		{E5AC8B02-5740-492D-8551-612E4F6BBEE4}.Release|Any CPU.ActiveCfg = Release|Any CPU
		{E5AC8B02-5740-492D-8551-612E4F6BBEE4}.Release|Any CPU.Build.0 = Release|Any CPU
	EndGlobalSection
	GlobalSection(SolutionProperties) = preSolution
		HideSolutionNode = FALSE
	EndGlobalSection
	GlobalSection(ExtensibilityGlobals) = postSolution
		SolutionGuid = {E09A72C3-D607-4BC9-B9DC-B1BA59604B51}
	EndGlobalSection
EndGlobal
